
Microsoft Visual Studio Solution File, Format Version 12.00
# Visual Studio 15
VisualStudioVersion = 15.0.28010.2036
MinimumVisualStudioVersion = 10.0.40219.1
Project("{8BC9CEB8-8B4A-11D0-8D11-00A0C91BC942}") = "专用试手demo", "专用试手demo\专用试手demo.vcxproj", "{9443D940-B284-4646-B2AC-2C2D867939F2}"
EndProject
Global
	GlobalSection(SolutionConfigurationPlatforms) = preSolution
		Debug|x64 = Debug|x64
		Debug|x86 = Debug|x86
		Release|x64 = Release|x64
		Release|x86 = Release|x86
	EndGlobalSection
	GlobalSection(ProjectConfigurationPlatforms) = postSolution
		{9443D940-B284-4646-B2AC-2C2D867939F2}.Debug|x64.ActiveCfg = Debug|x64
		{9443D940-B284-4646-B2AC-2C2D867939F2}.Debug|x64.Build.0 = Debug|x64
		{9443D940-B284-4646-B2AC-2C2D867939F2}.Debug|x86.ActiveCfg = Debug|Win32
		{9443D940-B284-4646-B2AC-2C2D867939F2}.Debug|x86.Build.0 = Debug|Win32
		{9443D940-B284-4646-B2AC-2C2D867939F2}.Release|x64.ActiveCfg = Release|x64
		{9443D940-B284-4646-B2AC-2C2D867939F2}.Release|x64.Build.0 = Release|x64
		{9443D940-B284-4646-B2AC-2C2D867939F2}.Release|x86.ActiveCfg = Release|Win32
		{9443D940-B284-4646-B2AC-2C2D867939F2}.Release|x86.Build.0 = Release|Win32
	EndGlobalSection
	GlobalSection(SolutionProperties) = preSolution
		HideSolutionNode = FALSE
	EndGlobalSection
	GlobalSection(ExtensibilityGlobals) = postSolution
		SolutionGuid = {04692675-7EFC-45BA-A510-17C99BADC47F}
	EndGlobalSection
EndGlobal
